
Microsoft Visual Studio Solution File, Format Version 12.00
# Visual Studio 14
VisualStudioVersion = 14.0.24720.0
MinimumVisualStudioVersion = 10.0.40219.1
Project("{FAE04EC0-301F-11D3-BF4B-00C04F79EFBC}") = "Task01", "Task01\Task01.csproj", "{D9A682E3-687C-4EB4-B8C2-C783FCD05460}"
EndProject
Project("{FAE04EC0-301F-11D3-BF4B-00C04F79EFBC}") = "DAL", "OrdersDAL\DAL.csproj", "{AC021218-944E-4181-B006-9A0F1BBA2B0A}"
EndProject
Project("{FAE04EC0-301F-11D3-BF4B-00C04F79EFBC}") = "DALTest", "Task01Test\DALTest.csproj", "{2AD0B565-BAC2-4683-8F85-0AF719D6AFA9}"
EndProject
Global
	GlobalSection(SolutionConfigurationPlatforms) = preSolution
		Debug|Any CPU = Debug|Any CPU
		Release|Any CPU = Release|Any CPU
	EndGlobalSection
	GlobalSection(ProjectConfigurationPlatforms) = postSolution
		{D9A682E3-687C-4EB4-B8C2-C783FCD05460}.Debug|Any CPU.ActiveCfg = Debug|Any CPU
		{D9A682E3-687C-4EB4-B8C2-C783FCD05460}.Debug|Any CPU.Build.0 = Debug|Any CPU
		{D9A682E3-687C-4EB4-B8C2-C783FCD05460}.Release|Any CPU.ActiveCfg = Release|Any CPU
		{D9A682E3-687C-4EB4-B8C2-C783FCD05460}.Release|Any CPU.Build.0 = Release|Any CPU
		{AC021218-944E-4181-B006-9A0F1BBA2B0A}.Debug|Any CPU.ActiveCfg = Debug|Any CPU
		{AC021218-944E-4181-B006-9A0F1BBA2B0A}.Debug|Any CPU.Build.0 = Debug|Any CPU
		{AC021218-944E-4181-B006-9A0F1BBA2B0A}.Release|Any CPU.ActiveCfg = Release|Any CPU
		{AC021218-944E-4181-B006-9A0F1BBA2B0A}.Release|Any CPU.Build.0 = Release|Any CPU
		{2AD0B565-BAC2-4683-8F85-0AF719D6AFA9}.Debug|Any CPU.ActiveCfg = Debug|Any CPU
		{2AD0B565-BAC2-4683-8F85-0AF719D6AFA9}.Debug|Any CPU.Build.0 = Debug|Any CPU
		{2AD0B565-BAC2-4683-8F85-0AF719D6AFA9}.Release|Any CPU.ActiveCfg = Release|Any CPU
		{2AD0B565-BAC2-4683-8F85-0AF719D6AFA9}.Release|Any CPU.Build.0 = Release|Any CPU
	EndGlobalSection
	GlobalSection(SolutionProperties) = preSolution
		HideSolutionNode = FALSE
	EndGlobalSection
EndGlobal
